
Microsoft Visual Studio Solution File, Format Version 12.00
# Visual Studio Version 17
VisualStudioVersion = 17.10.34607.79
MinimumVisualStudioVersion = 10.0.40219.1
Project("{9A19103F-16F7-4668-BE54-9A1E7A4F7556}") = "DayZMapTilesConverter", "DayZMapTilesConverter\DayZMapTilesConverter.csproj", "{ECDFFBED-273F-43C2-9A29-D720159C46EA}"
EndProject
Global
	GlobalSection(SolutionConfigurationPlatforms) = preSolution
		Debug|Any CPU = Debug|Any CPU
		Release|Any CPU = Release|Any CPU
	EndGlobalSection
	GlobalSection(ProjectConfigurationPlatforms) = postSolution
		{ECDFFBED-273F-43C2-9A29-D720159C46EA}.Debug|Any CPU.ActiveCfg = Debug|Any CPU
		{ECDFFBED-273F-43C2-9A29-D720159C46EA}.Debug|Any CPU.Build.0 = Debug|Any CPU
		{ECDFFBED-273F-43C2-9A29-D720159C46EA}.Release|Any CPU.ActiveCfg = Release|Any CPU
		{ECDFFBED-273F-43C2-9A29-D720159C46EA}.Release|Any CPU.Build.0 = Release|Any CPU
	EndGlobalSection
	GlobalSection(SolutionProperties) = preSolution
		HideSolutionNode = FALSE
	EndGlobalSection
	GlobalSection(ExtensibilityGlobals) = postSolution
		SolutionGuid = {8A296EBF-C11A-413B-9DE5-820082F3722F}
	EndGlobalSection
EndGlobal
